// !$*UTF8*$!
{
	archiveVersion = 1;
	classes = {
	};
	objectVersion = 56;
	objects = {

/* Begin PBXBuildFile section */
		0F7F01DC2999FA040001CC0C /* AppDelegate.swift in Sources */ = {isa = PBXBuildFile; fileRef = 0F7F01DB2999FA040001CC0C /* AppDelegate.swift */; };
		0F7F01DE2999FA040001CC0C /* SceneDelegate.swift in Sources */ = {isa = PBXBuildFile; fileRef = 0F7F01DD2999FA040001CC0C /* SceneDelegate.swift */; };
		0F7F01E02999FA040001CC0C /* ViewController.swift in Sources */ = {isa = PBXBuildFile; fileRef = 0F7F01DF2999FA040001CC0C /* ViewController.swift */; };
		0F7F01E32999FA040001CC0C /* Main.storyboard in Resources */ = {isa = PBXBuildFile; fileRef = 0F7F01E12999FA040001CC0C /* Main.storyboard */; };
		0F7F01E52999FA050001CC0C /* Assets.xcassets in Resources */ = {isa = PBXBuildFile; fileRef = 0F7F01E42999FA050001CC0C /* Assets.xcassets */; };
		0F7F01E82999FA050001CC0C /* LaunchScreen.storyboard in Resources */ = {isa = PBXBuildFile; fileRef = 0F7F01E62999FA050001CC0C /* LaunchScreen.storyboard */; };
		0F7F01F32999FA050001CC0C /* CustomCircleProgressBarTests.swift in Sources */ = {isa = PBXBuildFile; fileRef = 0F7F01F22999FA050001CC0C /* CustomCircleProgressBarTests.swift */; };
		0F7F01FD2999FA050001CC0C /* CustomCircleProgressBarUITests.swift in Sources */ = {isa = PBXBuildFile; fileRef = 0F7F01FC2999FA050001CC0C /* CustomCircleProgressBarUITests.swift */; };
		0F7F01FF2999FA050001CC0C /* CustomCircleProgressBarUITestsLaunchTests.swift in Sources */ = {isa = PBXBuildFile; fileRef = 0F7F01FE2999FA050001CC0C /* CustomCircleProgressBarUITestsLaunchTests.swift */; };
/* End PBXBuildFile section */

/* Begin PBXContainerItemProxy section */
		0F7F01EF2999FA050001CC0C /* PBXContainerItemProxy */ = {
			isa = PBXContainerItemProxy;
			containerPortal = 0F7F01D02999FA040001CC0C /* Project object */;
			proxyType = 1;
			remoteGlobalIDString = 0F7F01D72999FA040001CC0C;
			remoteInfo = CustomCircleProgressBar;
		};
		0F7F01F92999FA050001CC0C /* PBXContainerItemProxy */ = {
			isa = PBXContainerItemProxy;
			containerPortal = 0F7F01D02999FA040001CC0C /* Project object */;
			proxyType = 1;
			remoteGlobalIDString = 0F7F01D72999FA040001CC0C;
			remoteInfo = CustomCircleProgressBar;
		};
/* End PBXContainerItemProxy section */

/* Begin PBXFileReference section */
		0F7F01D82999FA040001CC0C /* CustomCircleProgressBar.app */ = {isa = PBXFileReference; explicitFileType = wrapper.application; includeInIndex = 0; path = CustomCircleProgressBar.app; sourceTree = BUILT_PRODUCTS_DIR; };
		0F7F01DB2999FA040001CC0C /* AppDelegate.swift */ = {isa = PBXFileReference; lastKnownFileType = sourcecode.swift; path = AppDelegate.swift; sourceTree = "<group>"; };
		0F7F01DD2999FA040001CC0C /* SceneDelegate.swift */ = {isa = PBXFileReference; lastKnownFileType = sourcecode.swift; path = SceneDelegate.swift; sourceTree = "<group>"; };
		0F7F01DF2999FA040001CC0C /* ViewController.swift */ = {isa = PBXFileReference; lastKnownFileType = sourcecode.swift; path = ViewController.swift; sourceTree = "<group>"; };
		0F7F01E22999FA040001CC0C /* Base */ = {isa = PBXFileReference; lastKnownFileType = file.storyboard; name = Base; path = Base.lproj/Main.storyboard; sourceTree = "<group>"; };
		0F7F01E42999FA050001CC0C /* Assets.xcassets */ = {isa = PBXFileReference; lastKnownFileType = folder.assetcatalog; path = Assets.xcassets; sourceTree = "<group>"; };
		0F7F01E72999FA050001CC0C /* Base */ = {isa = PBXFileReference; lastKnownFileType = file.storyboard; name = Base; path = Base.lproj/LaunchScreen.storyboard; sourceTree = "<group>"; };
		0F7F01E92999FA050001CC0C /* Info.plist */ = {isa = PBXFileReference; lastKnownFileType = text.plist.xml; path = Info.plist; sourceTree = "<group>"; };
		0F7F01EE2999FA050001CC0C /* CustomCircleProgressBarTests.xctest */ = {isa = PBXFileReference; explicitFileType = wrapper.cfbundle; includeInIndex = 0; path = CustomCircleProgressBarTests.xctest; sourceTree = BUILT_PRODUCTS_DIR; };
		0F7F01F22999FA050001CC0C /* CustomCircleProgressBarTests.swift */ = {isa = PBXFileReference; lastKnownFileType = sourcecode.swift; path = CustomCircleProgressBarTests.swift; sourceTree = "<group>"; };
		0F7F01F82999FA050001CC0C /* CustomCircleProgressBarUITests.xctest */ = {isa = PBXFileReference; explicitFileType = wrapper.cfbundle; includeInIndex = 0; path = CustomCircleProgressBarUITests.xctest; sourceTree = BUILT_PRODUCTS_DIR; };
		0F7F01FC2999FA050001CC0C /* CustomCircleProgressBarUITests.swift */ = {isa = PBXFileReference; lastKnownFileType = sourcecode.swift; path = CustomCircleProgressBarUITests.swift; sourceTree = "<group>"; };
		0F7F01FE2999FA050001CC0C /* CustomCircleProgressBarUITestsLaunchTests.swift */ = {isa = PBXFileReference; lastKnownFileType = sourcecode.swift; path = CustomCircleProgressBarUITestsLaunchTests.swift; sourceTree = "<group>"; };
/* End PBXFileReference section */

/* Begin PBXFrameworksBuildPhase section */
		0F7F01D52999FA040001CC0C /* Frameworks */ = {
			isa = PBXFrameworksBuildPhase;
			buildActionMask = 2147483647;
			files = (
			);
			runOnlyForDeploymentPostprocessing = 0;
		};
		0F7F01EB2999FA050001CC0C /* Frameworks */ = {
			isa = PBXFrameworksBuildPhase;
			buildActionMask = 2147483647;
			files = (
			);
			runOnlyForDeploymentPostprocessing = 0;
		};
		0F7F01F52999FA050001CC0C /* Frameworks */ = {
			isa = PBXFrameworksBuildPhase;
			buildActionMask = 2147483647;
			files = (
			);
			runOnlyForDeploymentPostprocessing = 0;
		};
/* End PBXFrameworksBuildPhase section */

/* Begin PBXGroup section */
		0F7F01CF2999FA040001CC0C = {
			isa = PBXGroup;
			children = (
				0F7F01DA2999FA040001CC0C /* CustomCircleProgressBar */,
				0F7F01F12999FA050001CC0C /* CustomCircleProgressBarTests */,
				0F7F01FB2999FA050001CC0C /* CustomCircleProgressBarUITests */,
				0F7F01D92999FA040001CC0C /* Products */,
			);
			sourceTree = "<group>";
		};
		0F7F01D92999FA040001CC0C /* Products */ = {
			isa = PBXGroup;
			children = (
				0F7F01D82999FA040001CC0C /* CustomCircleProgressBar.app */,
				0F7F01EE2999FA050001CC0C /* CustomCircleProgressBarTests.xctest */,
				0F7F01F82999FA050001CC0C /* CustomCircleProgressBarUITests.xctest */,
			);
			name = Products;
			sourceTree = "<group>";
		};
		0F7F01DA2999FA040001CC0C /* CustomCircleProgressBar */ = {
			isa = PBXGroup;
			children = (
				0F7F01DB2999FA040001CC0C /* AppDelegate.swift */,
				0F7F01DD2999FA040001CC0C /* SceneDelegate.swift */,
				0F7F01DF2999FA040001CC0C /* ViewController.swift */,
				0F7F01E12999FA040001CC0C /* Main.storyboard */,
				0F7F01E42999FA050001CC0C /* Assets.xcassets */,
				0F7F01E62999FA050001CC0C /* LaunchScreen.storyboard */,
				0F7F01E92999FA050001CC0C /* Info.plist */,
			);
			path = CustomCircleProgressBar;
			sourceTree = "<group>";
		};
		0F7F01F12999FA050001CC0C /* CustomCircleProgressBarTests */ = {
			isa = PBXGroup;
			children = (
				0F7F01F22999FA050001CC0C /* CustomCircleProgressBarTests.swift */,
			);
			path = CustomCircleProgressBarTests;
			sourceTree = "<group>";
		};
		0F7F01FB2999FA050001CC0C /* CustomCircleProgressBarUITests */ = {
			isa = PBXGroup;
			children = (
				0F7F01FC2999FA050001CC0C /* CustomCircleProgressBarUITests.swift */,
				0F7F01FE2999FA050001CC0C /* CustomCircleProgressBarUITestsLaunchTests.swift */,
			);
			path = CustomCircleProgressBarUITests;
			sourceTree = "<group>";
		};
/* End PBXGroup section */

/* Begin PBXNativeTarget section */
		0F7F01D72999FA040001CC0C /* CustomCircleProgressBar */ = {
			isa = PBXNativeTarget;
			buildConfigurationList = 0F7F02022999FA050001CC0C /* Build configuration list for PBXNativeTarget "CustomCircleProgressBar" */;
			buildPhases = (
				0F7F01D42999FA040001CC0C /* Sources */,
				0F7F01D52999FA040001CC0C /* Frameworks */,
				0F7F01D62999FA040001CC0C /* Resources */,
			);
			buildRules = (
			);
			dependencies = (
			);
			name = CustomCircleProgressBar;
			productName = CustomCircleProgressBar;
			productReference = 0F7F01D82999FA040001CC0C /* CustomCircleProgressBar.app */;
			productType = "com.apple.product-type.application";
		};
		0F7F01ED2999FA050001CC0C /* CustomCircleProgressBarTests */ = {
			isa = PBXNativeTarget;
			buildConfigurationList = 0F7F02052999FA050001CC0C /* Build configuration list for PBXNativeTarget "CustomCircleProgressBarTests" */;
			buildPhases = (
				0F7F01EA2999FA050001CC0C /* Sources */,
				0F7F01EB2999FA050001CC0C /* Frameworks */,
				0F7F01EC2999FA050001CC0C /* Resources */,
			);
			buildRules = (
			);
			dependencies = (
				0F7F01F02999FA050001CC0C /* PBXTargetDependency */,
			);
			name = CustomCircleProgressBarTests;
			productName = CustomCircleProgressBarTests;
			productReference = 0F7F01EE2999FA050001CC0C /* CustomCircleProgressBarTests.xctest */;
			productType = "com.apple.product-type.bundle.unit-test";
		};
		0F7F01F72999FA050001CC0C /* CustomCircleProgressBarUITests */ = {
			isa = PBXNativeTarget;
			buildConfigurationList = 0F7F02082999FA050001CC0C /* Build configuration list for PBXNativeTarget "CustomCircleProgressBarUITests" */;
			buildPhases = (
				0F7F01F42999FA050001CC0C /* Sources */,
				0F7F01F52999FA050001CC0C /* Frameworks */,
				0F7F01F62999FA050001CC0C /* Resources */,
			);
			buildRules = (
			);
			dependencies = (
				0F7F01FA2999FA050001CC0C /* PBXTargetDependency */,
			);
			name = CustomCircleProgressBarUITests;
			productName = CustomCircleProgressBarUITests;
			productReference = 0F7F01F82999FA050001CC0C /* CustomCircleProgressBarUITests.xctest */;
			productType = "com.apple.product-type.bundle.ui-testing";
		};
/* End PBXNativeTarget section */

/* Begin PBXProject section */
		0F7F01D02999FA040001CC0C /* Project object */ = {
			isa = PBXProject;
			attributes = {
				BuildIndependentTargetsInParallel = 1;
				LastSwiftUpdateCheck = 1420;
				LastUpgradeCheck = 1420;
				TargetAttributes = {
					0F7F01D72999FA040001CC0C = {
						CreatedOnToolsVersion = 14.2;
					};
					0F7F01ED2999FA050001CC0C = {
						CreatedOnToolsVersion = 14.2;
						TestTargetID = 0F7F01D72999FA040001CC0C;
					};
					0F7F01F72999FA050001CC0C = {
						CreatedOnToolsVersion = 14.2;
						TestTargetID = 0F7F01D72999FA040001CC0C;
					};
				};
			};
			buildConfigurationList = 0F7F01D32999FA040001CC0C /* Build configuration list for PBXProject "CustomCircleProgressBar" */;
			compatibilityVersion = "Xcode 14.0";
			developmentRegion = en;
			hasScannedForEncodings = 0;
			knownRegions = (
				en,
				Base,
			);
			mainGroup = 0F7F01CF2999FA040001CC0C;
			productRefGroup = 0F7F01D92999FA040001CC0C /* Products */;
			projectDirPath = "";
			projectRoot = "";
			targets = (
				0F7F01D72999FA040001CC0C /* CustomCircleProgressBar */,
				0F7F01ED2999FA050001CC0C /* CustomCircleProgressBarTests */,
				0F7F01F72999FA050001CC0C /* CustomCircleProgressBarUITests */,
			);
		};
/* End PBXProject section */

/* Begin PBXResourcesBuildPhase section */
		0F7F01D62999FA040001CC0C /* Resources */ = {
			isa = PBXResourcesBuildPhase;
			buildActionMask = 2147483647;
			files = (
				0F7F01E82999FA050001CC0C /* LaunchScreen.storyboard in Resources */,
				0F7F01E52999FA050001CC0C /* Assets.xcassets in Resources */,
				0F7F01E32999FA040001CC0C /* Main.storyboard in Resources */,
			);
			runOnlyForDeploymentPostprocessing = 0;
		};
		0F7F01EC2999FA050001CC0C /* Resources */ = {
			isa = PBXResourcesBuildPhase;
			buildActionMask = 2147483647;
			files = (
			);
			runOnlyForDeploymentPostprocessing = 0;
		};
		0F7F01F62999FA050001CC0C /* Resources */ = {
			isa = PBXResourcesBuildPhase;
			buildActionMask = 2147483647;
			files = (
			);
			runOnlyForDeploymentPostprocessing = 0;
		};
/* End PBXResourcesBuildPhase section */

/* Begin PBXSourcesBuildPhase section */
		0F7F01D42999FA040001CC0C /* Sources */ = {
			isa = PBXSourcesBuildPhase;
			buildActionMask = 2147483647;
			files = (
				0F7F01E02999FA040001CC0C /* ViewController.swift in Sources */,
				0F7F01DC2999FA040001CC0C /* AppDelegate.swift in Sources */,
				0F7F01DE2999FA040001CC0C /* SceneDelegate.swift in Sources */,
			);
			runOnlyForDeploymentPostprocessing = 0;
		};
		0F7F01EA2999FA050001CC0C /* Sources */ = {
			isa = PBXSourcesBuildPhase;
			buildActionMask = 2147483647;
			files = (
				0F7F01F32999FA050001CC0C /* CustomCircleProgressBarTests.swift in Sources */,
			);
			runOnlyForDeploymentPostprocessing = 0;
		};
		0F7F01F42999FA050001CC0C /* Sources */ = {
			isa = PBXSourcesBuildPhase;
			buildActionMask = 2147483647;
			files = (
				0F7F01FF2999FA050001CC0C /* CustomCircleProgressBarUITestsLaunchTests.swift in Sources */,
				0F7F01FD2999FA050001CC0C /* CustomCircleProgressBarUITests.swift in Sources */,
			);
			runOnlyForDeploymentPostprocessing = 0;
		};
/* End PBXSourcesBuildPhase section */

/* Begin PBXTargetDependency section */
		0F7F01F02999FA050001CC0C /* PBXTargetDependency */ = {
			isa = PBXTargetDependency;
			target = 0F7F01D72999FA040001CC0C /* CustomCircleProgressBar */;
			targetProxy = 0F7F01EF2999FA050001CC0C /* PBXContainerItemProxy */;
		};
		0F7F01FA2999FA050001CC0C /* PBXTargetDependency */ = {
			isa = PBXTargetDependency;
			target = 0F7F01D72999FA040001CC0C /* CustomCircleProgressBar */;
			targetProxy = 0F7F01F92999FA050001CC0C /* PBXContainerItemProxy */;
		};
/* End PBXTargetDependency section */

/* Begin PBXVariantGroup section */
		0F7F01E12999FA040001CC0C /* Main.storyboard */ = {
			isa = PBXVariantGroup;
			children = (
				0F7F01E22999FA040001CC0C /* Base */,
			);
			name = Main.storyboard;
			sourceTree = "<group>";
		};
		0F7F01E62999FA050001CC0C /* LaunchScreen.storyboard */ = {
			isa = PBXVariantGroup;
			children = (
				0F7F01E72999FA050001CC0C /* Base */,
			);
			name = LaunchScreen.storyboard;
			sourceTree = "<group>";
		};
/* End PBXVariantGroup section */

/* Begin XCBuildConfiguration section */
		0F7F02002999FA050001CC0C /* Debug */ = {
			isa = XCBuildConfiguration;
			buildSettings = {
				ALWAYS_SEARCH_USER_PATHS = NO;
				CLANG_ANALYZER_NONNULL = YES;
				CLANG_ANALYZER_NUMBER_OBJECT_CONVERSION = YES_AGGRESSIVE;
				CLANG_CXX_LANGUAGE_STANDARD = "gnu++20";
				CLANG_ENABLE_MODULES = YES;
				CLANG_ENABLE_OBJC_ARC = YES;
				CLANG_ENABLE_OBJC_WEAK = YES;
				CLANG_WARN_BLOCK_CAPTURE_AUTORELEASING = YES;
				CLANG_WARN_BOOL_CONVERSION = YES;
				CLANG_WARN_COMMA = YES;
				CLANG_WARN_CONSTANT_CONVERSION = YES;
				CLANG_WARN_DEPRECATED_OBJC_IMPLEMENTATIONS = YES;
				CLANG_WARN_DIRECT_OBJC_ISA_USAGE = YES_ERROR;
				CLANG_WARN_DOCUMENTATION_COMMENTS = YES;
				CLANG_WARN_EMPTY_BODY = YES;
				CLANG_WARN_ENUM_CONVERSION = YES;
				CLANG_WARN_INFINITE_RECURSION = YES;
				CLANG_WARN_INT_CONVERSION = YES;
				CLANG_WARN_NON_LITERAL_NULL_CONVERSION = YES;
				CLANG_WARN_OBJC_IMPLICIT_RETAIN_SELF = YES;
				CLANG_WARN_OBJC_LITERAL_CONVERSION = YES;
				CLANG_WARN_OBJC_ROOT_CLASS = YES_ERROR;
				CLANG_WARN_QUOTED_INCLUDE_IN_FRAMEWORK_HEADER = YES;
				CLANG_WARN_RANGE_LOOP_ANALYSIS = YES;
				CLANG_WARN_STRICT_PROTOTYPES = YES;
				CLANG_WARN_SUSPICIOUS_MOVE = YES;
				CLANG_WARN_UNGUARDED_AVAILABILITY = YES_AGGRESSIVE;
				CLANG_WARN_UNREACHABLE_CODE = YES;
				CLANG_WARN__DUPLICATE_METHOD_MATCH = YES;
				COPY_PHASE_STRIP = NO;
				DEBUG_INFORMATION_FORMAT = dwarf;
				ENABLE_STRICT_OBJC_MSGSEND = YES;
				ENABLE_TESTABILITY = YES;
				GCC_C_LANGUAGE_STANDARD = gnu11;
				GCC_DYNAMIC_NO_PIC = NO;
				GCC_NO_COMMON_BLOCKS = YES;
				GCC_OPTIMIZATION_LEVEL = 0;
				GCC_PREPROCESSOR_DEFINITIONS = (
					"DEBUG=1",
					"$(inherited)",
				);
				GCC_WARN_64_TO_32_BIT_CONVERSION = YES;
				GCC_WARN_ABOUT_RETURN_TYPE = YES_ERROR;
				GCC_WARN_UNDECLARED_SELECTOR = YES;
				GCC_WARN_UNINITIALIZED_AUTOS = YES_AGGRESSIVE;
				GCC_WARN_UNUSED_FUNCTION = YES;
				GCC_WARN_UNUSED_VARIABLE = YES;
				IPHONEOS_DEPLOYMENT_TARGET = 16.2;
				MTL_ENABLE_DEBUG_INFO = INCLUDE_SOURCE;
				MTL_FAST_MATH = YES;
				ONLY_ACTIVE_ARCH = YES;
				SDKROOT = iphoneos;
				SWIFT_ACTIVE_COMPILATION_CONDITIONS = DEBUG;
				SWIFT_OPTIMIZATION_LEVEL = "-Onone";
			};
			name = Debug;
		};
		0F7F02012999FA050001CC0C /* Release */ = {
			isa = XCBuildConfiguration;
			buildSettings = {
				ALWAYS_SEARCH_USER_PATHS = NO;
				CLANG_ANALYZER_NONNULL = YES;
				CLANG_ANALYZER_NUMBER_OBJECT_CONVERSION = YES_AGGRESSIVE;
				CLANG_CXX_LANGUAGE_STANDARD = "gnu++20";
				CLANG_ENABLE_MODULES = YES;
				CLANG_ENABLE_OBJC_ARC = YES;
				CLANG_ENABLE_OBJC_WEAK = YES;
				CLANG_WARN_BLOCK_CAPTURE_AUTORELEASING = YES;
				CLANG_WARN_BOOL_CONVERSION = YES;
				CLANG_WARN_COMMA = YES;
				CLANG_WARN_CONSTANT_CONVERSION = YES;
				CLANG_WARN_DEPRECATED_OBJC_IMPLEMENTATIONS = YES;
				CLANG_WARN_DIRECT_OBJC_ISA_USAGE = YES_ERROR;
				CLANG_WARN_DOCUMENTATION_COMMENTS = YES;
				CLANG_WARN_EMPTY_BODY = YES;
				CLANG_WARN_ENUM_CONVERSION = YES;
				CLANG_WARN_INFINITE_RECURSION = YES;
				CLANG_WARN_INT_CONVERSION = YES;
				CLANG_WARN_NON_LITERAL_NULL_CONVERSION = YES;
				CLANG_WARN_OBJC_IMPLICIT_RETAIN_SELF = YES;
				CLANG_WARN_OBJC_LITERAL_CONVERSION = YES;
				CLANG_WARN_OBJC_ROOT_CLASS = YES_ERROR;
				CLANG_WARN_QUOTED_INCLUDE_IN_FRAMEWORK_HEADER = YES;
				CLANG_WARN_RANGE_LOOP_ANALYSIS = YES;
				CLANG_WARN_STRICT_PROTOTYPES = YES;
				CLANG_WARN_SUSPICIOUS_MOVE = YES;
				CLANG_WARN_UNGUARDED_AVAILABILITY = YES_AGGRESSIVE;
				CLANG_WARN_UNREACHABLE_CODE = YES;
				CLANG_WARN__DUPLICATE_METHOD_MATCH = YES;
				COPY_PHASE_STRIP = NO;
				DEBUG_INFORMATION_FORMAT = "dwarf-with-dsym";
				ENABLE_NS_ASSERTIONS = NO;
				ENABLE_STRICT_OBJC_MSGSEND = YES;
				GCC_C_LANGUAGE_STANDARD = gnu11;
				GCC_NO_COMMON_BLOCKS = YES;
				GCC_WARN_64_TO_32_BIT_CONVERSION = YES;
				GCC_WARN_ABOUT_RETURN_TYPE = YES_ERROR;
				GCC_WARN_UNDECLARED_SELECTOR = YES;
				GCC_WARN_UNINITIALIZED_AUTOS = YES_AGGRESSIVE;
				GCC_WARN_UNUSED_FUNCTION = YES;
				GCC_WARN_UNUSED_VARIABLE = YES;
				IPHONEOS_DEPLOYMENT_TARGET = 16.2;
				MTL_ENABLE_DEBUG_INFO = NO;
				MTL_FAST_MATH = YES;
				SDKROOT = iphoneos;
				SWIFT_COMPILATION_MODE = wholemodule;
				SWIFT_OPTIMIZATION_LEVEL = "-O";
				VALIDATE_PRODUCT = YES;
			};
			name = Release;
		};
		0F7F02032999FA050001CC0C /* Debug */ = {
			isa = XCBuildConfiguration;
			buildSettings = {
				ASSETCATALOG_COMPILER_APPICON_NAME = AppIcon;
				ASSETCATALOG_COMPILER_GLOBAL_ACCENT_COLOR_NAME = AccentColor;
				CODE_SIGN_STYLE = Automatic;
				CURRENT_PROJECT_VERSION = 1;
				DEVELOPMENT_TEAM = WKG55UP4ST;
				GENERATE_INFOPLIST_FILE = YES;
				INFOPLIST_FILE = CustomCircleProgressBar/Info.plist;
				INFOPLIST_KEY_UIApplicationSupportsIndirectInputEvents = YES;
				INFOPLIST_KEY_UILaunchStoryboardName = LaunchScreen;
				INFOPLIST_KEY_UIMainStoryboardFile = Main;
				INFOPLIST_KEY_UISupportedInterfaceOrientations_iPad = "UIInterfaceOrientationPortrait UIInterfaceOrientationPortraitUpsideDown UIInterfaceOrientationLandscapeLeft UIInterfaceOrientationLandscapeRight";
				INFOPLIST_KEY_UISupportedInterfaceOrientations_iPhone = "UIInterfaceOrientationPortrait UIInterfaceOrientationLandscapeLeft UIInterfaceOrientationLandscapeRight";
				LD_RUNPATH_SEARCH_PATHS = (
					"$(inherited)",
					"@executable_path/Frameworks",
				);
				MARKETING_VERSION = 1.0;
				PRODUCT_BUNDLE_IDENTIFIER = com.elinha.CustomCircleProgressBar;
				PRODUCT_NAME = "$(TARGET_NAME)";
				SWIFT_EMIT_LOC_STRINGS = YES;
				SWIFT_VERSION = 5.0;
				TARGETED_DEVICE_FAMILY = "1,2";
			};
			name = Debug;
		};
		0F7F02042999FA050001CC0C /* Release */ = {
			isa = XCBuildConfiguration;
			buildSettings = {
				ASSETCATALOG_COMPILER_APPICON_NAME = AppIcon;
				ASSETCATALOG_COMPILER_GLOBAL_ACCENT_COLOR_NAME = AccentColor;
				CODE_SIGN_STYLE = Automatic;
				CURRENT_PROJECT_VERSION = 1;
				DEVELOPMENT_TEAM = WKG55UP4ST;
				GENERATE_INFOPLIST_FILE = YES;
				INFOPLIST_FILE = CustomCircleProgressBar/Info.plist;
				INFOPLIST_KEY_UIApplicationSupportsIndirectInputEvents = YES;
				INFOPLIST_KEY_UILaunchStoryboardName = LaunchScreen;
				INFOPLIST_KEY_UIMainStoryboardFile = Main;
				INFOPLIST_KEY_UISupportedInterfaceOrientations_iPad = "UIInterfaceOrientationPortrait UIInterfaceOrientationPortraitUpsideDown UIInterfaceOrientationLandscapeLeft UIInterfaceOrientationLandscapeRight";
				INFOPLIST_KEY_UISupportedInterfaceOrientations_iPhone = "UIInterfaceOrientationPortrait UIInterfaceOrientationLandscapeLeft UIInterfaceOrientationLandscapeRight";
				LD_RUNPATH_SEARCH_PATHS = (
					"$(inherited)",
					"@executable_path/Frameworks",
				);
				MARKETING_VERSION = 1.0;
				PRODUCT_BUNDLE_IDENTIFIER = com.elinha.CustomCircleProgressBar;
				PRODUCT_NAME = "$(TARGET_NAME)";
				SWIFT_EMIT_LOC_STRINGS = YES;
				SWIFT_VERSION = 5.0;
				TARGETED_DEVICE_FAMILY = "1,2";
			};
			name = Release;
		};
		0F7F02062999FA050001CC0C /* Debug */ = {
			isa = XCBuildConfiguration;
			buildSettings = {
				ALWAYS_EMBED_SWIFT_STANDARD_LIBRARIES = YES;
				BUNDLE_LOADER = "$(TEST_HOST)";
				CODE_SIGN_STYLE = Automatic;
				CURRENT_PROJECT_VERSION = 1;
				DEVELOPMENT_TEAM = WKG55UP4ST;
				GENERATE_INFOPLIST_FILE = YES;
				IPHONEOS_DEPLOYMENT_TARGET = 16.2;
				MARKETING_VERSION = 1.0;
				PRODUCT_BUNDLE_IDENTIFIER = com.elinha.CustomCircleProgressBarTests;
				PRODUCT_NAME = "$(TARGET_NAME)";
				SWIFT_EMIT_LOC_STRINGS = NO;
				SWIFT_VERSION = 5.0;
				TARGETED_DEVICE_FAMILY = "1,2";
				TEST_HOST = "$(BUILT_PRODUCTS_DIR)/CustomCircleProgressBar.app/$(BUNDLE_EXECUTABLE_FOLDER_PATH)/CustomCircleProgressBar";
			};
			name = Debug;
		};
		0F7F02072999FA050001CC0C /* Release */ = {
			isa = XCBuildConfiguration;
			buildSettings = {
				ALWAYS_EMBED_SWIFT_STANDARD_LIBRARIES = YES;
				BUNDLE_LOADER = "$(TEST_HOST)";
				CODE_SIGN_STYLE = Automatic;
				CURRENT_PROJECT_VERSION = 1;
				DEVELOPMENT_TEAM = WKG55UP4ST;
				GENERATE_INFOPLIST_FILE = YES;
				IPHONEOS_DEPLOYMENT_TARGET = 16.2;
				MARKETING_VERSION = 1.0;
				PRODUCT_BUNDLE_IDENTIFIER = com.elinha.CustomCircleProgressBarTests;
				PRODUCT_NAME = "$(TARGET_NAME)";
				SWIFT_EMIT_LOC_STRINGS = NO;
				SWIFT_VERSION = 5.0;
				TARGETED_DEVICE_FAMILY = "1,2";
				TEST_HOST = "$(BUILT_PRODUCTS_DIR)/CustomCircleProgressBar.app/$(BUNDLE_EXECUTABLE_FOLDER_PATH)/CustomCircleProgressBar";
			};
			name = Release;
		};
		0F7F02092999FA050001CC0C /* Debug */ = {
			isa = XCBuildConfiguration;
			buildSettings = {
				ALWAYS_EMBED_SWIFT_STANDARD_LIBRARIES = YES;
				CODE_SIGN_STYLE = Automatic;
				CURRENT_PROJECT_VERSION = 1;
				DEVELOPMENT_TEAM = WKG55UP4ST;
				GENERATE_INFOPLIST_FILE = YES;
				MARKETING_VERSION = 1.0;
				PRODUCT_BUNDLE_IDENTIFIER = com.elinha.CustomCircleProgressBarUITests;
				PRODUCT_NAME = "$(TARGET_NAME)";
				SWIFT_EMIT_LOC_STRINGS = NO;
				SWIFT_VERSION = 5.0;
				TARGETED_DEVICE_FAMILY = "1,2";
				TEST_TARGET_NAME = CustomCircleProgressBar;
			};
			name = Debug;
		};
		0F7F020A2999FA050001CC0C /* Release */ = {
			isa = XCBuildConfiguration;
			buildSettings = {
				ALWAYS_EMBED_SWIFT_STANDARD_LIBRARIES = YES;
				CODE_SIGN_STYLE = Automatic;
				CURRENT_PROJECT_VERSION = 1;
				DEVELOPMENT_TEAM = WKG55UP4ST;
				GENERATE_INFOPLIST_FILE = YES;
				MARKETING_VERSION = 1.0;
				PRODUCT_BUNDLE_IDENTIFIER = com.elinha.CustomCircleProgressBarUITests;
				PRODUCT_NAME = "$(TARGET_NAME)";
				SWIFT_EMIT_LOC_STRINGS = NO;
				SWIFT_VERSION = 5.0;
				TARGETED_DEVICE_FAMILY = "1,2";
				TEST_TARGET_NAME = CustomCircleProgressBar;
			};
			name = Release;
		};
/* End XCBuildConfiguration section */

/* Begin XCConfigurationList section */
		0F7F01D32999FA040001CC0C /* Build configuration list for PBXProject "CustomCircleProgressBar" */ = {
			isa = XCConfigurationList;
			buildConfigurations = (
				0F7F02002999FA050001CC0C /* Debug */,
				0F7F02012999FA050001CC0C /* Release */,
			);
			defaultConfigurationIsVisible = 0;
			defaultConfigurationName = Release;
		};
		0F7F02022999FA050001CC0C /* Build configuration list for PBXNativeTarget "CustomCircleProgressBar" */ = {
			isa = XCConfigurationList;
			buildConfigurations = (
				0F7F02032999FA050001CC0C /* Debug */,
				0F7F02042999FA050001CC0C /* Release */,
			);
			defaultConfigurationIsVisible = 0;
			defaultConfigurationName = Release;
		};
		0F7F02052999FA050001CC0C /* Build configuration list for PBXNativeTarget "CustomCircleProgressBarTests" */ = {
			isa = XCConfigurationList;
			buildConfigurations = (
				0F7F02062999FA050001CC0C /* Debug */,
				0F7F02072999FA050001CC0C /* Release */,
			);
			defaultConfigurationIsVisible = 0;
			defaultConfigurationName = Release;
		};
		0F7F02082999FA050001CC0C /* Build configuration list for PBXNativeTarget "CustomCircleProgressBarUITests" */ = {
			isa = XCConfigurationList;
			buildConfigurations = (
				0F7F02092999FA050001CC0C /* Debug */,
				0F7F020A2999FA050001CC0C /* Release */,
			);
			defaultConfigurationIsVisible = 0;
			defaultConfigurationName = Release;
		};
/* End XCConfigurationList section */
	};
	rootObject = 0F7F01D02999FA040001CC0C /* Project object */;
}
